{
    "_readme": [
        "This file locks the dependencies of your project to a known state",
        "Read more about it at https://getcomposer.org/doc/01-basic-usage.md#installing-dependencies",
        "This file is @generated automatically"
    ],
    "content-hash": "52afbae358246a5049849e9ce1500948",
    "packages": [
        {
            "name": "dxw/php-missing",
            "version": "v1.0.0",
            "source": {
                "type": "git",
                "url": "https://github.com/dxw/php-missing.git",
                "reference": "544ce7df568f6296e3811454b0e1df79ceb498b7"
            },
            "dist": {
                "type": "zip",
                "url": "https://api.github.com/repos/dxw/php-missing/zipball/544ce7df568f6296e3811454b0e1df79ceb498b7",
                "reference": "544ce7df568f6296e3811454b0e1df79ceb498b7",
                "shasum": ""
            },
            "require-dev": {
                "phpunit/phpunit": "4.8.*"
            },
            "type": "library",
            "autoload": {
                "psr-4": {
                    "Missing\\": "src/"
                }
            },
            "notification-url": "https://packagist.org/downloads/",
            "license": [
                "MIT"
            ],
            "authors": [
                {
                    "name": "Tom Adams",
                    "email": "tom@dxw.com",
                    "homepage": "http://dxw.com"
                }
            ],
            "description": "The stdlib you wish PHP had",
            "homepage": "https://github.com/dxw/php-missing",
            "time": "2016-05-17T16:56:43+00:00"
        },
        {
            "name": "dxw/result",
            "version": "v1.0.3",
            "source": {
                "type": "git",
                "url": "https://github.com/dxw/result.git",
                "reference": "eaa71abf0f9bba74cf5c832811a3a66a887e86d2"
            },
            "dist": {
                "type": "zip",
                "url": "https://api.github.com/repos/dxw/result/zipball/eaa71abf0f9bba74cf5c832811a3a66a887e86d2",
                "reference": "eaa71abf0f9bba74cf5c832811a3a66a887e86d2",
                "shasum": ""
            },
            "require-dev": {
                "friendsofphp/php-cs-fixer": "^2.15",
                "peridot-php/leo": "^1.6",
                "peridot-php/peridot": "^1.19",
                "peridot-php/peridot-dot-reporter": "^1.0",
                "vimeo/psalm": "^3.2"
            },
            "type": "library",
            "autoload": {
                "psr-4": {
                    "Dxw\\Result\\": "src/"
                }
            },
            "notification-url": "https://packagist.org/downloads/",
            "license": [
                "MIT"
            ],
            "authors": [
                {
                    "name": "Mallory Adams",
                    "email": "mallory@dxw.com",
                    "homepage": "https://www.dxw.com/"
                }
            ],
            "description": "Result values",
            "homepage": "https://github.com/dxw/result",
            "time": "2019-07-18T16:52:47+00:00"
        },
        {
            "name": "dxw/roots-composer",
            "version": "dev-master",
            "source": {
                "type": "git",
                "url": "https://github.com/dxw/roots-composer.git",
                "reference": "2fad80195fc15bd48329f398d256fcfd013ca0d5"
            },
            "dist": {
                "type": "zip",
                "url": "https://api.github.com/repos/dxw/roots-composer/zipball/2fad80195fc15bd48329f398d256fcfd013ca0d5",
                "reference": "2fad80195fc15bd48329f398d256fcfd013ca0d5",
                "shasum": ""
            },
            "type": "library",
            "autoload": {
                "files": [
                    "autoload.php"
                ]
            },
            "notification-url": "https://packagist.org/downloads/",
            "authors": [
                {
                    "name": "Tom Adams",
                    "email": "tom@dxw.com",
                    "homepage": "http://dxw.com"
                }
            ],
            "description": "Roots in a Composer module!",
            "homepage": "https://github.com/dxw/roots-composer",
            "abandoned": true,
            "time": "2013-12-06T15:08:34+00:00"
        },
        {
            "name": "mustache/mustache",
            "version": "v2.5.1",
            "source": {
                "type": "git",
                "url": "https://github.com/bobthecow/mustache.php.git",
                "reference": "996c944fa2ddedddfaf0d276b913809d6a32fd85"
            },
            "dist": {
                "type": "zip",
                "url": "https://api.github.com/repos/bobthecow/mustache.php/zipball/996c944fa2ddedddfaf0d276b913809d6a32fd85",
                "reference": "996c944fa2ddedddfaf0d276b913809d6a32fd85",
                "shasum": ""
            },
            "require": {
                "php": ">=5.2.4"
            },
            "require-dev": {
                "phpunit/phpunit": "*"
            },
            "type": "library",
            "autoload": {
                "psr-0": {
                    "Mustache": "src/"
                }
            },
            "notification-url": "https://packagist.org/downloads/",
            "license": [
                "MIT"
            ],
            "authors": [
                {
                    "name": "Justin Hileman",
                    "email": "justin@justinhileman.info",
                    "homepage": "http://justinhileman.com"
                }
            ],
            "description": "A Mustache implementation in PHP.",
            "homepage": "https://github.com/bobthecow/mustache.php",
            "keywords": [
                "mustache",
                "templating"
            ],
            "time": "2014-01-09T00:36:09+00:00"
        }
    ],
    "packages-dev": [
        {
            "name": "dxw/phar-install",
            "version": "v1.1.1",
            "source": {
                "type": "git",
                "url": "https://github.com/dxw/phar-install.git",
                "reference": "3a86cb30393f311bebec49d1aae9536ff1655cf1"
            },
            "dist": {
                "type": "zip",
                "url": "https://api.github.com/repos/dxw/phar-install/zipball/3a86cb30393f311bebec49d1aae9536ff1655cf1",
                "reference": "3a86cb30393f311bebec49d1aae9536ff1655cf1",
                "shasum": ""
            },
            "bin": [
                "bin/phar-install"
            ],
            "type": "library",
            "notification-url": "https://packagist.org/downloads/",
            "license": [
                "MIT"
            ],
            "authors": [
                {
                    "name": "Mallory Adams",
                    "email": "mallory@dxw.com",
                    "homepage": "https://www.dxw.com"
                }
            ],
            "homepage": "https://github.com/dxw/phar-install",
            "time": "2019-06-20T17:17:03+00:00"
        }
    ],
    "aliases": [],
    "minimum-stability": "stable",
    "stability-flags": {
        "dxw/roots-composer": 20
    },
    "prefer-stable": false,
    "prefer-lowest": false,
    "platform": [],
    "platform-dev": [],
    "platform-overrides": {
        "php": "7.0.22"
    }
}
